
Microsoft Visual Studio Solution File, Format Version 12.00
# Visual Studio Version 16
VisualStudioVersion = 16.0.30406.217
MinimumVisualStudioVersion = 10.0.40219.1
Project("{FAE04EC0-301F-11D3-BF4B-00C04F79EFBC}") = "TP04_182348", "TP04_182348\TP04_182348.csproj", "{EF83AF84-0AF9-4A77-BBA0-73D0C74F32DB}"
EndProject
Global
	GlobalSection(SolutionConfigurationPlatforms) = preSolution
		Debug|Any CPU = Debug|Any CPU
		Release|Any CPU = Release|Any CPU
	EndGlobalSection
	GlobalSection(ProjectConfigurationPlatforms) = postSolution
		{EF83AF84-0AF9-4A77-BBA0-73D0C74F32DB}.Debug|Any CPU.ActiveCfg = Debug|Any CPU
		{EF83AF84-0AF9-4A77-BBA0-73D0C74F32DB}.Debug|Any CPU.Build.0 = Debug|Any CPU
		{EF83AF84-0AF9-4A77-BBA0-73D0C74F32DB}.Release|Any CPU.ActiveCfg = Release|Any CPU
		{EF83AF84-0AF9-4A77-BBA0-73D0C74F32DB}.Release|Any CPU.Build.0 = Release|Any CPU
	EndGlobalSection
	GlobalSection(SolutionProperties) = preSolution
		HideSolutionNode = FALSE
	EndGlobalSection
	GlobalSection(ExtensibilityGlobals) = postSolution
		SolutionGuid = {F767C32C-FD68-4D28-BD65-F9D6BAF099D1}
	EndGlobalSection
EndGlobal
